schema: '2.0'
stages:
  train:
    cmd: python train.py
    deps:
    - path: data/Omini_DATA
      hash: md5
      md5: 9ffdeef41bf4acc52d1dbcd2fb1e4ba8.dir
      size: 88467320
      nfiles: 4116
    - path: models/resnet18.pt
      hash: md5
      md5: e96da36c57aaf9eaf13ada1796388516
      size: 44819388
    - path: params.yaml
      hash: md5
      md5: 8d7cd8d84efdfe884546d95276dd7478
      size: 386
    - path: train.py
      hash: md5
      md5: cd6cd51a97d73ed013e8e616c30aa338
      size: 141
    outs:
    - path: dvclive/resnet18
      hash: md5
      md5: 9ee0bd89298a5b1f7495e020df70011e.dir
      size: 1153
      nfiles: 4
    - path: models/fine_tuned_resnet18.pt
      hash: md5
      md5: d7dd42c161abedfd63efa80eb5f434d3
      size: 44822374
